version = 1
revision = 3
requires-python = ">=3.11, <4.0"

[[package]]
name = "colorama"
version = "0.4.6"
source = { registry = "https://pypi.org/simple" }
sdist = { url = "https://files.pythonhosted.org/packages/d8/53/6f443c9a4a8358a93a6792e2acffb9d9d5cb0a5cfd8802644b7b1c9a02e4/colorama-0.4.6.tar.gz", hash = "sha256:08695f5cb7ed6e0531a20572697297273c47b8cae5a63ffc6d6ed5c201be6e44", size = 27697, upload-time = "2022-10-25T02:36:22.414Z" }
wheels = [
    { url = "https://files.pythonhosted.org/packages/d1/d6/3965ed04c63042e047cb6a3e6ed1a63a35087b6a609aa3a15ed8ac56c221/colorama-0.4.6-py2.py3-none-any.whl", hash = "sha256:4f1d9991f5acc0ca119f9d443620b77f9d6b33703e51011c16baf57afb285fc6", size = 25335, upload-time = "2022-10-25T02:36:20.889Z" },
]

[[package]]
name = "iniconfig"
version = "2.3.0"
source = { registry = "https://pypi.org/simple" }
sdist = { url = "https://files.pythonhosted.org/packages/72/34/14ca021ce8e5dfedc35312d08ba8bf51fdd999c576889fc2c24cb97f4f10/iniconfig-2.3.0.tar.gz", hash = "sha256:c76315c77db068650d49c5b56314774a7804df16fee4402c1f19d6d15d8c4730", size = 20503, upload-time = "2025-10-18T21:55:43.219Z" }
wheels = [
    { url = "https://files.pythonhosted.org/packages/cb/b1/3846dd7f199d53cb17f49cba7e651e9ce294d8497c8c150530ed11865bb8/iniconfig-2.3.0-py3-none-any.whl", hash = "sha256:f631c04d2c48c52b84d0d0549c99ff3859c98df65b3101406327ecc7d53fbf12", size = 7484, upload-time = "2025-10-18T21:55:41.639Z" },
]

[[package]]
name = "packaging"
version = "26.3"
source = { registry = "https://pypi.org/simple" }
sdist = { url = "https://files.pythonhosted.org/packages/7d/fa/3944b40b07da9ce895c0e6303a5ab7d53da063554f534556b134a54d6093/packaging-26.3.tar.gz", hash = "sha256:94edc256424af38762eb31306eed28beb9f0efc50a8837492c9d6fd6004aed79", size = 313412, upload-time = "2026-08-04T18:15:28.737Z" }
wheels = [
    { url = "https://files.pythonhosted.org/packages/63/34/ba1c580383c9eada3711951fef0795c80b829a078d72188184bcab9dd527/packaging-26.3-py3-none-any.whl", hash = "sha256:d7193f7c8e4e93f444fde0262bf90af30e16fa0ad0ad44cb553c87339b23cd1c", size = 129956, upload-time = "2026-08-04T18:15:27.159Z" },
]

[[package]]
name = "pluggy"
version = "1.6.0"
source = { registry = "https://pypi.org/simple" }
sdist = { url = "https://files.pythonhosted.org/packages/f9/e2/3e91f31a7d2b083fe6ef3fa267035b518369d9511ffab804f839851d2779/pluggy-1.6.0.tar.gz", hash = "sha256:7dcc130b76258d33b90f61b658791dede3486c3e6bfb003ee5c9bfb396dd22f3", size = 69412, upload-time = "2025-05-15T12:30:07.975Z" }
wheels = [
    { url = "https://files.pythonhosted.org/packages/54/20/4d324d65cc6d9205fabedc306948156824eb9f0ee1633355a8f7ec5c66bf/pluggy-1.6.0-py3-none-any.whl", hash = "sha256:e920276dd6813095e9377c0bc5566d94c932c33b27a3e3945d8389c374dd4746", size = 20538, upload-time = "2025-05-15T12:30:06.134Z" },
]

[[package]]
name = "prek"
version = "0.5.0"
source = { registry = "https://pypi.org/simple" }
sdist = { url = "https://files.pythonhosted.org/packages/ed/c8/ad3efcaf7007e4796f9a7482b4a3d84402c1535109695cba76fcb87cb03d/prek-0.5.0.tar.gz", hash = "sha256:8df015db60c1e9a30b4a266e65fa14c4d41d2b2b3b90879d76a5d8970dcce64d", size = 544033, upload-time = "2026-08-27T03:50:33.079Z" }
wheels = [
    { url = "https://files.pythonhosted.org/packages/89/83/a5b36db04d5ed8c461b9fec216193a52eee5be37170a9387022f832312b6/prek-0.5.0-py3-none-linux_armv6l.whl", hash = "sha256:df794a883e347ef78cb74522a143dbd8cc2a66e765ef328f48b615f37098015e", size = 5593469, upload-time = "2026-08-27T03:50:00.402Z" },
    { url = "https://files.pythonhosted.org/packages/ca/b5/cd6cab203693a1c45d5a3bae3b8eb56174d595da8af6d6e1595c795f909a/prek-0.5.0-py3-none-macosx_10_12_x86_64.whl", hash = "sha256:19d6fd892e112cf7dc300735a7ac8e596813ff1c11649ba2d2b9dd6fdfd6c96e", size = 5980270, upload-time = "2026-08-27T03:50:02.675Z" },
    { url = "https://files.pythonhosted.org/packages/9d/b6/bbf5134c7b1360aad3f62c0f0391a7c6403b3500d16df25848089ad957c3/prek-0.5.0-py3-none-macosx_11_0_arm64.whl", hash = "sha256:313e2535483c37bba884ab034f478c174de7d3b9627081f2eedd16ac2c03bcc3", size = 5521835, upload-time = "2026-08-27T03:50:04.609Z" },
    { url = "https://files.pythonhosted.org/packages/78/72/7c79e9de5603fdc54d2101f0982f1af5e5ffa1a45c0bcbdbe5f985ed6b90/prek-0.5.0-py3-none-manylinux_2_17_aarch64.manylinux2014_aarch64.musllinux_1_1_aarch64.whl", hash = "sha256:1e9b34caeb465f1fa7cbb5d872d4611560eaff877162c4ad80a608838b0819a3", size = 5822039, upload-time = "2026-08-27T03:50:07.281Z" },
    { url = "https://files.pythonhosted.org/packages/dc/d2/68c21ec26f773b2370b132d69fe325589db08865fbe8b3df7d8ea8d8fc49/prek-0.5.0-py3-none-manylinux_2_17_armv7l.manylinux2014_armv7l.whl", hash = "sha256:561c2d028c7679fe8969937aa9ab74d96d6f7c748b8abf98edf6dc031dfbbdc9", size = 5510802, upload-time = "2026-08-27T03:50:09.2Z" },
    { url = "https://files.pythonhosted.org/packages/7a/9e/ce6db8d998cb3e48bf747b7390e1ec87bb817ec500cfa5791af3a0d2eded/prek-0.5.0-py3-none-manylinux_2_17_i686.manylinux2014_i686.whl", hash = "sha256:310579ceb4acbc5646df9d663ec38a57b47258a903780089cfacfbf0dc9d49f1", size = 5969141, upload-time = "2026-08-27T03:50:11.211Z" },
    { url = "https://files.pythonhosted.org/packages/5a/10/35e4c8fc4534d3b98c1bef2bfd559ba2aeedc9e540fcd4091fd4d91543b6/prek-0.5.0-py3-none-manylinux_2_17_s390x.manylinux2014_s390x.whl", hash = "sha256:da38e9c1d227773728c05d2f644704f3d3ace67f6ea58e41d406ebb596c3a135", size = 6731634, upload-time = "2026-08-27T03:50:13.244Z" },
    { url = "https://files.pythonhosted.org/packages/a2/fc/433b55d10e928de8ab2a9b83dfdbe8cba936fafc6e0a5c65b85f4007a8ea/prek-0.5.0-py3-none-manylinux_2_17_x86_64.manylinux2014_x86_64.whl", hash = "sha256:b845f25f481a7df56f39dddcba35576a10d78aa71e09e4f88bcccce0729ebfb2", size = 6203980, upload-time = "2026-08-27T03:50:15.158Z" },
    { url = "https://files.pythonhosted.org/packages/7b/b8/b5cdd27d6da0d754abcf9cc06a092f476bd9242f0e8e19e3dfd1a2d1b315/prek-0.5.0-py3-none-manylinux_2_28_aarch64.whl", hash = "sha256:93b4086a1b69c24a967b5c80608cfc4a111cc2b0f69bc1d1f278eb4c23ad430c", size = 5827384, upload-time = "2026-08-27T03:50:16.898Z" },
    { url = "https://files.pythonhosted.org/packages/18/e5/1d8fd614dfe04aa9378b33fb23f7285da582ca090c321973da8466a754d5/prek-0.5.0-py3-none-manylinux_2_31_riscv64.whl", hash = "sha256:3299eca7269582665255f4c8f3ab38bc64e4d16ab2e9ce5e3d20cf65bc9f40ee", size = 5589195, upload-time = "2026-08-27T03:50:18.857Z" },
    { url = "https://files.pythonhosted.org/packages/6c/89/e758cefe423cd1422e882325baef65af2bf2b6a903c32d657323a993d394/prek-0.5.0-py3-none-musllinux_1_1_armv7l.whl", hash = "sha256:005c20b3df988f240bfa50518777d5babeab50cf774a8917dba1705567e1f561", size = 5491009, upload-time = "2026-08-27T03:50:20.836Z" },
    { url = "https://files.pythonhosted.org/packages/ea/90/6b30d898a2610113378b78b82f1d700bcdb79993ba92b85f492a02859f53/prek-0.5.0-py3-none-musllinux_1_1_i686.whl", hash = "sha256:a1a46d8de94d7c7c58b027a3622763861f1c76b01bafe9dc6d8b408713ad3946", size = 5826007, upload-time = "2026-08-27T03:50:23.1Z" },
    { url = "https://files.pythonhosted.org/packages/48/23/3fd00ff6d844b1756b95fc913730c6ec2f772f36558693ff3c4cfb2d3071/prek-0.5.0-py3-none-musllinux_1_1_x86_64.whl", hash = "sha256:e2aad66e0111cab24a03af2f67fca737c3d8f7b1188cf9b8994bbbf7b52f53b8", size = 6319092, upload-time = "2026-08-27T03:50:25.41Z" },
    { url = "https://files.pythonhosted.org/packages/ca/10/5d99bdfc77b51ab427a139e0b9f2dd5eacc74fe02fd1228c7be1a8ede6ad/prek-0.5.0-py3-none-win32.whl", hash = "sha256:d4970878d5032ad101b4ec5662f3848a70f80c0295ed5a1fea0aed82979c1251", size = 5340535, upload-time = "2026-08-27T03:50:27.452Z" },
    { url = "https://files.pythonhosted.org/packages/ab/2a/835019081b3a09acefc6e28a6dd561a45c8270f8a84e85fa00d6f2be0300/prek-0.5.0-py3-none-win_amd64.whl", hash = "sha256:7bf2df923ba48ec72af7dc69033d613f4775eb301cdf975e19e749ecda2a28c4", size = 5725188, upload-time = "2026-08-27T03:50:29.492Z" },
    { url = "https://files.pythonhosted.org/packages/55/dc/a634d4c5951bd899526c6d8f2a4776bc42af1df4b01951e4f90412909cfc/prek-0.5.0-py3-none-win_arm64.whl", hash = "sha256:43e9d2d727435b0be28fe2195a6a22b0e5e0d937270ae0c88edfc42b71db8fab", size = 5492540, upload-time = "2026-08-27T03:50:31.49Z" },
]

[[package]]
name = "pygments"
version = "2.21.0"
source = { registry = "https://pypi.org/simple" }
sdist = { url = "https://files.pythonhosted.org/packages/49/2e/ced460408999b33da6b31b0021b0f37d329e202d4169aeb164493778f25b/pygments-2.21.0.tar.gz", hash = "sha256:610ca751c9bc2492b38eb9a38a7fbc93edbbb2d7182edaf34e66ae493dee5c8c", size = 5005329, upload-time = "2026-08-17T08:02:48.824Z" }
wheels = [
    { url = "https://files.pythonhosted.org/packages/71/46/17f022dd3e953bf20a04a028a21ec746d942f8d2af30fa0f124fa0e6a684/pygments-2.21.0-py3-none-any.whl", hash = "sha256:2363c69b61c4a97c838da3b130dcd6468f4848992b21a82f2a63ec34377137d9", size = 1250147, upload-time = "2026-08-17T08:02:44.912Z" },
]

[[package]]
name = "pyperclip"
version = "1.11.0"
source = { registry = "https://pypi.org/simple" }
sdist = { url = "https://files.pythonhosted.org/packages/e8/52/d87eba7cb129b81563019d1679026e7a112ef76855d6159d24754dbd2a51/pyperclip-1.11.0.tar.gz", hash = "sha256:244035963e4428530d9e3a6101a1ef97209c6825edab1567beac148ccc1db1b6", size = 12185, upload-time = "2025-09-26T14:40:37.245Z" }
wheels = [
    { url = "https://files.pythonhosted.org/packages/df/80/fc9d01d5ed37ba4c42ca2b55b4339ae6e200b456be3a1aaddf4a9fa99b8c/pyperclip-1.11.0-py3-none-any.whl", hash = "sha256:299403e9ff44581cb9ba2ffeed69c7aa96a008622ad0c46cb575ca75b5b84273", size = 11063, upload-time = "2025-09-26T14:40:36.069Z" },
]

[[package]]
name = "pyreadline3"
version = "3.5.6"
source = { registry = "https://pypi.org/simple" }
sdist = { url = "https://files.pythonhosted.org/packages/b6/6d/f94028646d7bbe6d9d873c47ee7c246f2d29129d253f0d96cb6fcab70733/pyreadline3-3.5.6.tar.gz", hash = "sha256:61e53218b99656091ddb077df9e71f25850e72e030b6183b39c9b7e6e4f4a9bf", size = 100368, upload-time = "2026-05-14T17:55:04.471Z" }
wheels = [
    { url = "https://files.pythonhosted.org/packages/f7/5e/35c856e186b74678c24927847ad9895a51f1bc02a0c6126477a6c6040064/pyreadline3-3.5.6-py3-none-any.whl", hash = "sha256:8449b734232e42a5dcd74048e39b60db2839a4c38cf3ae2bf7707d58b5389c0d", size = 85243, upload-time = "2026-05-14T17:55:03.262Z" },
]

[[package]]
name = "pytest"
version = "9.1.1"
source = { registry = "https://pypi.org/simple" }
dependencies = [
    { name = "colorama", marker = "sys_platform == 'win32'" },
    { name = "iniconfig" },
    { name = "packaging" },
    { name = "pluggy" },
    { name = "pygments" },
]
sdist = { url = "https://files.pythonhosted.org/packages/e4/47/b9efed96c114afcfa3c9d3fe98a76a1d14c74a9e266d397cf6eb64be5e01/pytest-9.1.1.tar.gz", hash = "sha256:1088fbde8f2b49d95a549a195707afa7a76a3ce9bcadc26b6d71f0ffda5fe313", size = 1636369, upload-time = "2026-06-19T10:58:32.857Z" }
wheels = [
    { url = "https://files.pythonhosted.org/packages/24/25/1de2678b631f5a49215c6c96fff41ba892b0a34df68d6d80292b1b48aa7f/pytest-9.1.1-py3-none-any.whl", hash = "sha256:37a86b45efb9a47a61a36449063e8e18d0cab3161329fc099eb21783169c4f0c", size = 386536, upload-time = "2026-06-19T10:58:31.347Z" },
]

[[package]]
name = "pyyaml"
version = "6.0.3"
source = { registry = "https://pypi.org/simple" }
sdist = { url = "https://files.pythonhosted.org/packages/05/8e/961c0007c59b8dd7729d542c61a4d537767a59645b82a0b521206e1e25c2/pyyaml-6.0.3.tar.gz", hash = "sha256:d76623373421df22fb4cf8817020cbb7ef15c725b9d5e45f17e189bfc384190f", size = 130960, upload-time = "2025-09-25T21:33:16.546Z" }
wheels = [
    { url = "https://files.pythonhosted.org/packages/6d/16/a95b6757765b7b031c9374925bb718d55e0a9ba8a1b6a12d25962ea44347/pyyaml-6.0.3-cp311-cp311-macosx_10_13_x86_64.whl", hash = "sha256:44edc647873928551a01e7a563d7452ccdebee747728c1080d881d68af7b997e", size = 185826, upload-time = "2025-09-25T21:31:58.655Z" },
    { url = "https://files.pythonhosted.org/packages/16/19/13de8e4377ed53079ee996e1ab0a9c33ec2faf808a4647b7b4c0d46dd239/pyyaml-6.0.3-cp311-cp311-macosx_11_0_arm64.whl", hash = "sha256:652cb6edd41e718550aad172851962662ff2681490a8a711af6a4d288dd96824", size = 175577, upload-time = "2025-09-25T21:32:00.088Z" },
    { url = "https://files.pythonhosted.org/packages/0c/62/d2eb46264d4b157dae1275b573017abec435397aa59cbcdab6fc978a8af4/pyyaml-6.0.3-cp311-cp311-manylinux2014_aarch64.manylinux_2_17_aarch64.manylinux_2_28_aarch64.whl", hash = "sha256:10892704fc220243f5305762e276552a0395f7beb4dbf9b14ec8fd43b57f126c", size = 775556, upload-time = "2025-09-25T21:32:01.31Z" },
    { url = "https://files.pythonhosted.org/packages/10/cb/16c3f2cf3266edd25aaa00d6c4350381c8b012ed6f5276675b9eba8d9ff4/pyyaml-6.0.3-cp311-cp311-manylinux2014_s390x.manylinux_2_17_s390x.manylinux_2_28_s390x.whl", hash = "sha256:850774a7879607d3a6f50d36d04f00ee69e7fc816450e5f7e58d7f17f1ae5c00", size = 882114, upload-time = "2025-09-25T21:32:03.376Z" },
    { url = "https://files.pythonhosted.org/packages/71/60/917329f640924b18ff085ab889a11c763e0b573da888e8404ff486657602/pyyaml-6.0.3-cp311-cp311-manylinux2014_x86_64.manylinux_2_17_x86_64.manylinux_2_28_x86_64.whl", hash = "sha256:b8bb0864c5a28024fac8a632c443c87c5aa6f215c0b126c449ae1a150412f31d", size = 806638, upload-time = "2025-09-25T21:32:04.553Z" },
    { url = "https://files.pythonhosted.org/packages/dd/6f/529b0f316a9fd167281a6c3826b5583e6192dba792dd55e3203d3f8e655a/pyyaml-6.0.3-cp311-cp311-musllinux_1_2_aarch64.whl", hash = "sha256:1d37d57ad971609cf3c53ba6a7e365e40660e3be0e5175fa9f2365a379d6095a", size = 767463, upload-time = "2025-09-25T21:32:06.152Z" },
    { url = "https://files.pythonhosted.org/packages/f2/6a/b627b4e0c1dd03718543519ffb2f1deea4a1e6d42fbab8021936a4d22589/pyyaml-6.0.3-cp311-cp311-musllinux_1_2_x86_64.whl", hash = "sha256:37503bfbfc9d2c40b344d06b2199cf0e96e97957ab1c1b546fd4f87e53e5d3e4", size = 794986, upload-time = "2025-09-25T21:32:07.367Z" },
    { url = "https://files.pythonhosted.org/packages/45/91/47a6e1c42d9ee337c4839208f30d9f09caa9f720ec7582917b264defc875/pyyaml-6.0.3-cp311-cp311-win32.whl", hash = "sha256:8098f252adfa6c80ab48096053f512f2321f0b998f98150cea9bd23d83e1467b", size = 142543, upload-time = "2025-09-25T21:32:08.95Z" },
    { url = "https://files.pythonhosted.org/packages/da/e3/ea007450a105ae919a72393cb06f122f288ef60bba2dc64b26e2646fa315/pyyaml-6.0.3-cp311-cp311-win_amd64.whl", hash = "sha256:9f3bfb4965eb874431221a3ff3fdcddc7e74e3b07799e0e84ca4a0f867d449bf", size = 158763, upload-time = "2025-09-25T21:32:09.96Z" },
    { url = "https://files.pythonhosted.org/packages/d1/33/422b98d2195232ca1826284a76852ad5a86fe23e31b009c9886b2d0fb8b2/pyyaml-6.0.3-cp312-cp312-macosx_10_13_x86_64.whl", hash = "sha256:7f047e29dcae44602496db43be01ad42fc6f1cc0d8cd6c83d342306c32270196", size = 182063, upload-time = "2025-09-25T21:32:11.445Z" },
    { url = "https://files.pythonhosted.org/packages/89/a0/6cf41a19a1f2f3feab0e9c0b74134aa2ce6849093d5517a0c550fe37a648/pyyaml-6.0.3-cp312-cp312-macosx_11_0_arm64.whl", hash = "sha256:fc09d0aa354569bc501d4e787133afc08552722d3ab34836a80547331bb5d4a0", size = 173973, upload-time = "2025-09-25T21:32:12.492Z" },
    { url = "https://files.pythonhosted.org/packages/ed/23/7a778b6bd0b9a8039df8b1b1d80e2e2ad78aa04171592c8a5c43a56a6af4/pyyaml-6.0.3-cp312-cp312-manylinux2014_aarch64.manylinux_2_17_aarch64.manylinux_2_28_aarch64.whl", hash = "sha256:9149cad251584d5fb4981be1ecde53a1ca46c891a79788c0df828d2f166bda28", size = 775116, upload-time = "2025-09-25T21:32:13.652Z" },
    { url = "https://files.pythonhosted.org/packages/65/30/d7353c338e12baef4ecc1b09e877c1970bd3382789c159b4f89d6a70dc09/pyyaml-6.0.3-cp312-cp312-manylinux2014_s390x.manylinux_2_17_s390x.manylinux_2_28_s390x.whl", hash = "sha256:5fdec68f91a0c6739b380c83b951e2c72ac0197ace422360e6d5a959d8d97b2c", size = 844011, upload-time = "2025-09-25T21:32:15.21Z" },
    { url = "https://files.pythonhosted.org/packages/8b/9d/b3589d3877982d4f2329302ef98a8026e7f4443c765c46cfecc8858c6b4b/pyyaml-6.0.3-cp312-cp312-manylinux2014_x86_64.manylinux_2_17_x86_64.manylinux_2_28_x86_64.whl", hash = "sha256:ba1cc08a7ccde2d2ec775841541641e4548226580ab850948cbfda66a1befcdc", size = 807870, upload-time = "2025-09-25T21:32:16.431Z" },
    { url = "https://files.pythonhosted.org/packages/05/c0/b3be26a015601b822b97d9149ff8cb5ead58c66f981e04fedf4e762f4bd4/pyyaml-6.0.3-cp312-cp312-musllinux_1_2_aarch64.whl", hash = "sha256:8dc52c23056b9ddd46818a57b78404882310fb473d63f17b07d5c40421e47f8e", size = 761089, upload-time = "2025-09-25T21:32:17.56Z" },
    { url = "https://files.pythonhosted.org/packages/be/8e/98435a21d1d4b46590d5459a22d88128103f8da4c2d4cb8f14f2a96504e1/pyyaml-6.0.3-cp312-cp312-musllinux_1_2_x86_64.whl", hash = "sha256:41715c910c881bc081f1e8872880d3c650acf13dfa8214bad49ed4cede7c34ea", size = 790181, upload-time = "2025-09-25T21:32:18.834Z" },
    { url = "https://files.pythonhosted.org/packages/74/93/7baea19427dcfbe1e5a372d81473250b379f04b1bd3c4c5ff825e2327202/pyyaml-6.0.3-cp312-cp312-win32.whl", hash = "sha256:96b533f0e99f6579b3d4d4995707cf36df9100d67e0c8303a0c55b27b5f99bc5", size = 137658, upload-time = "2025-09-25T21:32:20.209Z" },
    { url = "https://files.pythonhosted.org/packages/86/bf/899e81e4cce32febab4fb42bb97dcdf66bc135272882d1987881a4b519e9/pyyaml-6.0.3-cp312-cp312-win_amd64.whl", hash = "sha256:5fcd34e47f6e0b794d17de1b4ff496c00986e1c83f7ab2fb8fcfe9616ff7477b", size = 154003, upload-time = "2025-09-25T21:32:21.167Z" },
    { url = "https://files.pythonhosted.org/packages/1a/08/67bd04656199bbb51dbed1439b7f27601dfb576fb864099c7ef0c3e55531/pyyaml-6.0.3-cp312-cp312-win_arm64.whl", hash = "sha256:64386e5e707d03a7e172c0701abfb7e10f0fb753ee1d773128192742712a98fd", size = 140344, upload-time = "2025-09-25T21:32:22.617Z" },
    { url = "https://files.pythonhosted.org/packages/d1/11/0fd08f8192109f7169db964b5707a2f1e8b745d4e239b784a5a1dd80d1db/pyyaml-6.0.3-cp313-cp313-macosx_10_13_x86_64.whl", hash = "sha256:8da9669d359f02c0b91ccc01cac4a67f16afec0dac22c2ad09f46bee0697eba8", size = 181669, upload-time = "2025-09-25T21:32:23.673Z" },
    { url = "https://files.pythonhosted.org/packages/b1/16/95309993f1d3748cd644e02e38b75d50cbc0d9561d21f390a76242ce073f/pyyaml-6.0.3-cp313-cp313-macosx_11_0_arm64.whl", hash = "sha256:2283a07e2c21a2aa78d9c4442724ec1eb15f5e42a723b99cb3d822d48f5f7ad1", size = 173252, upload-time = "2025-09-25T21:32:25.149Z" },
    { url = "https://files.pythonhosted.org/packages/50/31/b20f376d3f810b9b2371e72ef5adb33879b25edb7a6d072cb7ca0c486398/pyyaml-6.0.3-cp313-cp313-manylinux2014_aarch64.manylinux_2_17_aarch64.manylinux_2_28_aarch64.whl", hash = "sha256:ee2922902c45ae8ccada2c5b501ab86c36525b883eff4255313a253a3160861c", size = 767081, upload-time = "2025-09-25T21:32:26.575Z" },
    { url = "https://files.pythonhosted.org/packages/49/1e/a55ca81e949270d5d4432fbbd19dfea5321eda7c41a849d443dc92fd1ff7/pyyaml-6.0.3-cp313-cp313-manylinux2014_s390x.manylinux_2_17_s390x.manylinux_2_28_s390x.whl", hash = "sha256:a33284e20b78bd4a18c8c2282d549d10bc8408a2a7ff57653c0cf0b9be0afce5", size = 841159, upload-time = "2025-09-25T21:32:27.727Z" },
    { url = "https://files.pythonhosted.org/packages/74/27/e5b8f34d02d9995b80abcef563ea1f8b56d20134d8f4e5e81733b1feceb2/pyyaml-6.0.3-cp313-cp313-manylinux2014_x86_64.manylinux_2_17_x86_64.manylinux_2_28_x86_64.whl", hash = "sha256:0f29edc409a6392443abf94b9cf89ce99889a1dd5376d94316ae5145dfedd5d6", size = 801626, upload-time = "2025-09-25T21:32:28.878Z" },
    { url = "https://files.pythonhosted.org/packages/f9/11/ba845c23988798f40e52ba45f34849aa8a1f2d4af4b798588010792ebad6/pyyaml-6.0.3-cp313-cp313-musllinux_1_2_aarch64.whl", hash = "sha256:f7057c9a337546edc7973c0d3ba84ddcdf0daa14533c2065749c9075001090e6", size = 753613, upload-time = "2025-09-25T21:32:30.178Z" },
    { url = "https://files.pythonhosted.org/packages/3d/e0/7966e1a7bfc0a45bf0a7fb6b98ea03fc9b8d84fa7f2229e9659680b69ee3/pyyaml-6.0.3-cp313-cp313-musllinux_1_2_x86_64.whl", hash = "sha256:eda16858a3cab07b80edaf74336ece1f986ba330fdb8ee0d6c0d68fe82bc96be", size = 794115, upload-time = "2025-09-25T21:32:31.353Z" },
    { url = "https://files.pythonhosted.org/packages/de/94/980b50a6531b3019e45ddeada0626d45fa85cbe22300844a7983285bed3b/pyyaml-6.0.3-cp313-cp313-win32.whl", hash = "sha256:d0eae10f8159e8fdad514efdc92d74fd8d682c933a6dd088030f3834bc8e6b26", size = 137427, upload-time = "2025-09-25T21:32:32.58Z" },
    { url = "https://files.pythonhosted.org/packages/97/c9/39d5b874e8b28845e4ec2202b5da735d0199dbe5b8fb85f91398814a9a46/pyyaml-6.0.3-cp313-cp313-win_amd64.whl", hash = "sha256:79005a0d97d5ddabfeeea4cf676af11e647e41d81c9a7722a193022accdb6b7c", size = 154090, upload-time = "2025-09-25T21:32:33.659Z" },
    { url = "https://files.pythonhosted.org/packages/73/e8/2bdf3ca2090f68bb3d75b44da7bbc71843b19c9f2b9cb9b0f4ab7a5a4329/pyyaml-6.0.3-cp313-cp313-win_arm64.whl", hash = "sha256:5498cd1645aa724a7c71c8f378eb29ebe23da2fc0d7a08071d89469bf1d2defb", size = 140246, upload-time = "2025-09-25T21:32:34.663Z" },
    { url = "https://files.pythonhosted.org/packages/9d/8c/f4bd7f6465179953d3ac9bc44ac1a8a3e6122cf8ada906b4f96c60172d43/pyyaml-6.0.3-cp314-cp314-macosx_10_13_x86_64.whl", hash = "sha256:8d1fab6bb153a416f9aeb4b8763bc0f22a5586065f86f7664fc23339fc1c1fac", size = 181814, upload-time = "2025-09-25T21:32:35.712Z" },
    { url = "https://files.pythonhosted.org/packages/bd/9c/4d95bb87eb2063d20db7b60faa3840c1b18025517ae857371c4dd55a6b3a/pyyaml-6.0.3-cp314-cp314-macosx_11_0_arm64.whl", hash = "sha256:34d5fcd24b8445fadc33f9cf348c1047101756fd760b4dacb5c3e99755703310", size = 173809, upload-time = "2025-09-25T21:32:36.789Z" },
    { url = "https://files.pythonhosted.org/packages/92/b5/47e807c2623074914e29dabd16cbbdd4bf5e9b2db9f8090fa64411fc5382/pyyaml-6.0.3-cp314-cp314-manylinux2014_aarch64.manylinux_2_17_aarch64.manylinux_2_28_aarch64.whl", hash = "sha256:501a031947e3a9025ed4405a168e6ef5ae3126c59f90ce0cd6f2bfc477be31b7", size = 766454, upload-time = "2025-09-25T21:32:37.966Z" },
    { url = "https://files.pythonhosted.org/packages/02/9e/e5e9b168be58564121efb3de6859c452fccde0ab093d8438905899a3a483/pyyaml-6.0.3-cp314-cp314-manylinux2014_s390x.manylinux_2_17_s390x.manylinux_2_28_s390x.whl", hash = "sha256:b3bc83488de33889877a0f2543ade9f70c67d66d9ebb4ac959502e12de895788", size = 836355, upload-time = "2025-09-25T21:32:39.178Z" },
    { url = "https://files.pythonhosted.org/packages/88/f9/16491d7ed2a919954993e48aa941b200f38040928474c9e85ea9e64222c3/pyyaml-6.0.3-cp314-cp314-manylinux2014_x86_64.manylinux_2_17_x86_64.manylinux_2_28_x86_64.whl", hash = "sha256:c458b6d084f9b935061bc36216e8a69a7e293a2f1e68bf956dcd9e6cbcd143f5", size = 794175, upload-time = "2025-09-25T21:32:40.865Z" },
    { url = "https://files.pythonhosted.org/packages/dd/3f/5989debef34dc6397317802b527dbbafb2b4760878a53d4166579111411e/pyyaml-6.0.3-cp314-cp314-musllinux_1_2_aarch64.whl", hash = "sha256:7c6610def4f163542a622a73fb39f534f8c101d690126992300bf3207eab9764", size = 755228, upload-time = "2025-09-25T21:32:42.084Z" },
    { url = "https://files.pythonhosted.org/packages/d7/ce/af88a49043cd2e265be63d083fc75b27b6ed062f5f9fd6cdc223ad62f03e/pyyaml-6.0.3-cp314-cp314-musllinux_1_2_x86_64.whl", hash = "sha256:5190d403f121660ce8d1d2c1bb2ef1bd05b5f68533fc5c2ea899bd15f4399b35", size = 789194, upload-time = "2025-09-25T21:32:43.362Z" },
    { url = "https://files.pythonhosted.org/packages/23/20/bb6982b26a40bb43951265ba29d4c246ef0ff59c9fdcdf0ed04e0687de4d/pyyaml-6.0.3-cp314-cp314-win_amd64.whl", hash = "sha256:4a2e8cebe2ff6ab7d1050ecd59c25d4c8bd7e6f400f5f82b96557ac0abafd0ac", size = 156429, upload-time = "2025-09-25T21:32:57.844Z" },
    { url = "https://files.pythonhosted.org/packages/f4/f4/a4541072bb9422c8a883ab55255f918fa378ecf083f5b85e87fc2b4eda1b/pyyaml-6.0.3-cp314-cp314-win_arm64.whl", hash = "sha256:93dda82c9c22deb0a405ea4dc5f2d0cda384168e466364dec6255b293923b2f3", size = 143912, upload-time = "2025-09-25T21:32:59.247Z" },
    { url = "https://files.pythonhosted.org/packages/7c/f9/07dd09ae774e4616edf6cda684ee78f97777bdd15847253637a6f052a62f/pyyaml-6.0.3-cp314-cp314t-macosx_10_13_x86_64.whl", hash = "sha256:02893d100e99e03eda1c8fd5c441d8c60103fd175728e23e431db1b589cf5ab3", size = 189108, upload-time = "2025-09-25T21:32:44.377Z" },
    { url = "https://files.pythonhosted.org/packages/4e/78/8d08c9fb7ce09ad8c38ad533c1191cf27f7ae1effe5bb9400a46d9437fcf/pyyaml-6.0.3-cp314-cp314t-macosx_11_0_arm64.whl", hash = "sha256:c1ff362665ae507275af2853520967820d9124984e0f7466736aea23d8611fba", size = 183641, upload-time = "2025-09-25T21:32:45.407Z" },
    { url = "https://files.pythonhosted.org/packages/7b/5b/3babb19104a46945cf816d047db2788bcaf8c94527a805610b0289a01c6b/pyyaml-6.0.3-cp314-cp314t-manylinux2014_aarch64.manylinux_2_17_aarch64.manylinux_2_28_aarch64.whl", hash = "sha256:6adc77889b628398debc7b65c073bcb99c4a0237b248cacaf3fe8a557563ef6c", size = 831901, upload-time = "2025-09-25T21:32:48.83Z" },
    { url = "https://files.pythonhosted.org/packages/8b/cc/dff0684d8dc44da4d22a13f35f073d558c268780ce3c6ba1b87055bb0b87/pyyaml-6.0.3-cp314-cp314t-manylinux2014_s390x.manylinux_2_17_s390x.manylinux_2_28_s390x.whl", hash = "sha256:a80cb027f6b349846a3bf6d73b5e95e782175e52f22108cfa17876aaeff93702", size = 861132, upload-time = "2025-09-25T21:32:50.149Z" },
    { url = "https://files.pythonhosted.org/packages/b1/5e/f77dc6b9036943e285ba76b49e118d9ea929885becb0a29ba8a7c75e29fe/pyyaml-6.0.3-cp314-cp314t-manylinux2014_x86_64.manylinux_2_17_x86_64.manylinux_2_28_x86_64.whl", hash = "sha256:00c4bdeba853cc34e7dd471f16b4114f4162dc03e6b7afcc2128711f0eca823c", size = 839261, upload-time = "2025-09-25T21:32:51.808Z" },
    { url = "https://files.pythonhosted.org/packages/ce/88/a9db1376aa2a228197c58b37302f284b5617f56a5d959fd1763fb1675ce6/pyyaml-6.0.3-cp314-cp314t-musllinux_1_2_aarch64.whl", hash = "sha256:66e1674c3ef6f541c35191caae2d429b967b99e02040f5ba928632d9a7f0f065", size = 805272, upload-time = "2025-09-25T21:32:52.941Z" },
    { url = "https://files.pythonhosted.org/packages/da/92/1446574745d74df0c92e6aa4a7b0b3130706a4142b2d1a5869f2eaa423c6/pyyaml-6.0.3-cp314-cp314t-musllinux_1_2_x86_64.whl", hash = "sha256:16249ee61e95f858e83976573de0f5b2893b3677ba71c9dd36b9cf8be9ac6d65", size = 829923, upload-time = "2025-09-25T21:32:54.537Z" },
    { url = "https://files.pythonhosted.org/packages/f0/7a/1c7270340330e575b92f397352af856a8c06f230aa3e76f86b39d01b416a/pyyaml-6.0.3-cp314-cp314t-win_amd64.whl", hash = "sha256:4ad1906908f2f5ae4e5a8ddfce73c320c2a1429ec52eafd27138b7f1cbe341c9", size = 174062, upload-time = "2025-09-25T21:32:55.767Z" },
    { url = "https://files.pythonhosted.org/packages/f1/12/de94a39c2ef588c7e6455cfbe7343d3b2dc9d6b6b2f40c4c6565744c873d/pyyaml-6.0.3-cp314-cp314t-win_arm64.whl", hash = "sha256:ebc55a14a21cb14062aa4162f906cd962b28e2e9ea38f9b4391244cd8de4ae0b", size = 149341, upload-time = "2025-09-25T21:32:56.828Z" },
]

[[package]]
name = "toml"
version = "0.10.2"
source = { registry = "https://pypi.org/simple" }
sdist = { url = "https://files.pythonhosted.org/packages/be/ba/1f744cdc819428fc6b5084ec34d9b30660f6f9daaf70eead706e3203ec3c/toml-0.10.2.tar.gz", hash = "sha256:b3bda1d108d5dd99f4a20d24d9c348e91c4db7ab1b749200bded2f839ccbe68f", size = 22253, upload-time = "2020-11-01T01:40:22.204Z" }
wheels = [
    { url = "https://files.pythonhosted.org/packages/44/6f/7120676b6d73228c96e17f1f794d8ab046fc910d781c8d151120c3f1569e/toml-0.10.2-py2.py3-none-any.whl", hash = "sha256:806143ae5bfb6a3c6e736a764057db0e6a0e05e338b5630894a5f779cabb4f9b", size = 16588, upload-time = "2020-11-01T01:40:20.672Z" },
]

[[package]]
name = "ty"
version = "0.0.75"
source = { registry = "https://pypi.org/simple" }
sdist = { url = "https://files.pythonhosted.org/packages/81/d0/d0c96f898d6974a4a3569ab3efdf9512c04ad99f9203effb55f72497fe97/ty-0.0.75.tar.gz", hash = "sha256:4c5eead33dfbf6e2ebb4f400f74b51ffc9bab702a6f23ddb648a1cbb740387e3", size = 6868326, upload-time = "2026-08-26T20:23:40.399Z" }
wheels = [
    { url = "https://files.pythonhosted.org/packages/cb/6c/b12d03505f17581f0cfa3c12273fe34c1d67b36dfda1bc561a6bdc16512b/ty-0.0.75-py3-none-linux_armv6l.whl", hash = "sha256:e5409f50db2246fd4bd039d93d261e0cfa1daa554a4fb77256f91072c570349a", size = 12972606, upload-time = "2026-08-26T20:22:59.716Z" },
    { url = "https://files.pythonhosted.org/packages/d1/aa/30f11eecd9215a9f87e8fe8baaf48f3ce905f5d75b8e4aac70f0091f130c/ty-0.0.75-py3-none-macosx_10_12_x86_64.whl", hash = "sha256:5e7b8b3472fb9bb2eeab314984b265df08a7a9d518867a9e6020eebc06570be2", size = 12527158, upload-time = "2026-08-26T20:23:02.767Z" },
    { url = "https://files.pythonhosted.org/packages/f2/11/7fd7001b0b5c6610bfbad7357e47d5fe6f82d4e84e94c53776a478f5e9f8/ty-0.0.75-py3-none-macosx_11_0_arm64.whl", hash = "sha256:c6ccf34169821fe0d23e3360deeef981d217963412f1d087b9bdd32ec57f7a57", size = 12400533, upload-time = "2026-08-26T20:23:04.965Z" },
    { url = "https://files.pythonhosted.org/packages/fd/7f/1e284ea3d348d7be02f12d83bc22ed9ef193033f863f05b64db99027f141/ty-0.0.75-py3-none-manylinux_2_17_aarch64.manylinux2014_aarch64.whl", hash = "sha256:842ebb41e9c6c334b40768704e20b1a69d5c6b08805b289d5e0e2565f49f2de1", size = 12420592, upload-time = "2026-08-26T20:23:07.427Z" },
    { url = "https://files.pythonhosted.org/packages/2d/ab/d813271543370c47fd74b5118f2066ab32b0983e907b1821f3f9a6d0fa7f/ty-0.0.75-py3-none-manylinux_2_17_armv7l.manylinux2014_armv7l.whl", hash = "sha256:cf7a5a723c5f1e0fab4ffbfe9bd95123a526ed48f206e5f25cb2161ca294007a", size = 12739219, upload-time = "2026-08-26T20:23:09.809Z" },
    { url = "https://files.pythonhosted.org/packages/31/5b/95b49cc5570fd92a7bf63732f649b31906158721e03c7fcb1b5be74ee3bf/ty-0.0.75-py3-none-manylinux_2_17_i686.manylinux2014_i686.whl", hash = "sha256:54382f98e5da292fcd7104391afef5105c35bb2f312e29bea6f5fa419935255c", size = 13494046, upload-time = "2026-08-26T20:23:12.191Z" },
    { url = "https://files.pythonhosted.org/packages/2c/0d/502d2dd68173cf020e1ad2bdbab9544c86776de0b0e2ed15f8c2fe006e3d/ty-0.0.75-py3-none-manylinux_2_17_ppc64le.manylinux2014_ppc64le.whl", hash = "sha256:ac13b180dc2aade2cd243f56b01650e78bf091a2e522ad3bc947245d7837c613", size = 13938899, upload-time = "2026-08-26T20:23:14.764Z" },
    { url = "https://files.pythonhosted.org/packages/20/5b/f3b12a25c07224456219fc2bd20db0ad7e40b304be0ff6aad728da0135f9/ty-0.0.75-py3-none-manylinux_2_17_s390x.manylinux2014_s390x.whl", hash = "sha256:752df7951a443219d7f1ff817e3723c85d428565ff449e08a7a93ba821661526", size = 13656711, upload-time = "2026-08-26T20:23:17.145Z" },
    { url = "https://files.pythonhosted.org/packages/51/7b/f090ad306e2b15a07b332d647138c5264b89d9758855ecce8b8a10bcb153/ty-0.0.75-py3-none-manylinux_2_17_x86_64.manylinux2014_x86_64.whl", hash = "sha256:1fd399feedf7cee816563c1baec45fc1c0b3c89f1ea42364920b688004b5b7da", size = 13093499, upload-time = "2026-08-26T20:23:19.489Z" },
    { url = "https://files.pythonhosted.org/packages/f1/4b/f69b99aaaca0c7c65d5f114b186b26b21666f767b0c69eec99a2bdccc061/ty-0.0.75-py3-none-manylinux_2_31_riscv64.whl", hash = "sha256:d7625f6f56c7dc1e873579fdc9e432a0e21e302afe847ab60704d2303442a92e", size = 13520580, upload-time = "2026-08-26T20:23:21.789Z" },
    { url = "https://files.pythonhosted.org/packages/b6/e7/692c5f905c0345a15d2255fc74066d660f030254ae8dcdaf33f5a5c2f279/ty-0.0.75-py3-none-musllinux_1_2_aarch64.whl", hash = "sha256:89e7d527e95a2534b70cae29e94c104b84082760ea05927d23bb87280969c104", size = 12524095, upload-time = "2026-08-26T20:23:24.026Z" },
    { url = "https://files.pythonhosted.org/packages/ba/9a/f42b12cf265ea95344bf554764c4791cfb273bdd628aadd7c209af7cadc3/ty-0.0.75-py3-none-musllinux_1_2_armv7l.whl", hash = "sha256:0843f134440740706e01bee5f88f4cfc10e9b018bddb9e4ef4c12dc9fc0c9aef", size = 12756591, upload-time = "2026-08-26T20:23:26.126Z" },
    { url = "https://files.pythonhosted.org/packages/7c/5e/9b180c133cb9cce48179a7d2bf9e1802d992aa8176a918e0e05205760b42/ty-0.0.75-py3-none-musllinux_1_2_i686.whl", hash = "sha256:1bd0ec0e50ee1376875c88891efe6f549c3560fa5b2ddad79a425cd5a6218b9c", size = 12998754, upload-time = "2026-08-26T20:23:28.353Z" },
    { url = "https://files.pythonhosted.org/packages/39/f6/3c6ef5dd550103e29905121c67fb96a374564f31a2f44c6faa1af98c2d61/ty-0.0.75-py3-none-musllinux_1_2_x86_64.whl", hash = "sha256:1f9eafd561f90110d5e29f589ec3e956c4686e2f6631348d99276436f5cbe4d1", size = 13316474, upload-time = "2026-08-26T20:23:30.857Z" },
    { url = "https://files.pythonhosted.org/packages/bb/52/12776337874c821076bd5368e352ccd9e67174790abe3b856f749cb3524b/ty-0.0.75-py3-none-win32.whl", hash = "sha256:05063a6fafe2154b794a7f964515d148e51acd186d72d4a3acd347ee9fa19336", size = 12316315, upload-time = "2026-08-26T20:23:33.528Z" },
    { url = "https://files.pythonhosted.org/packages/53/e6/bb51e16af5c7138c9f52f8f3d0a401a371c6798d092e3b74926f186a9814/ty-0.0.75-py3-none-win_amd64.whl", hash = "sha256:81cf1ba5f6b7536ad56747865214255d9bc8e80533a689dbb9ddeaad464b09f1", size = 12917267, upload-time = "2026-08-26T20:23:35.978Z" },
    { url = "https://files.pythonhosted.org/packages/39/73/4542f829107468b5de4231af67f29927c093bfad11f3c1e5b2c08fb1206b/ty-0.0.75-py3-none-win_arm64.whl", hash = "sha256:541c9af5b7a0ad23d15ec315a7da81150833c359f48124ed3789ff25eacd6f42", size = 12711024, upload-time = "2026-08-26T20:23:38.159Z" },
]

[[package]]
name = "vondb"
source = { editable = "." }
dependencies = [
    { name = "colorama", marker = "sys_platform == 'win32'" },
    { name = "pyperclip" },
    { name = "pyreadline3", marker = "sys_platform == 'win32'" },
    { name = "pyyaml" },
]

[package.dev-dependencies]
dev = [
    { name = "prek" },
    { name = "pytest" },
    { name = "toml" },
    { name = "ty" },
]

[package.metadata]
requires-dist = [
    { name = "colorama", marker = "sys_platform == 'win32'", specifier = ">=0.4.3" },
    { name = "pyperclip", specifier = ">=1.9.0" },
    { name = "pyreadline3", marker = "sys_platform == 'win32'", specifier = ">=3.0.6" },
    { name = "pyyaml", specifier = ">=6.0.2" },
]

[package.metadata.requires-dev]
dev = [
    { name = "prek", specifier = ">=0.3.6" },
    { name = "pytest", specifier = ">=9.0.2" },
    { name = "toml", specifier = ">=0.10.2" },
    { name = "ty", specifier = ">=0.0.24" },
]
